
Microsoft Visual Studio Solution File, Format Version 12.00
# Visual Studio Version 17
VisualStudioVersion = 17.2.32630.192
MinimumVisualStudioVersion = 10.0.40219.1
Project("{FAE04EC0-301F-11D3-BF4B-00C04F79EFBC}") = "OpenIddictExample.IdP.Application", "OpenIddictExample.IdP.Application\OpenIddictExample.IdP.Application.csproj", "{6F3699FF-79A1-436E-BD00-99994BC10EEE}"
EndProject
Project("{FAE04EC0-301F-11D3-BF4B-00C04F79EFBC}") = "OpenIddictExample.IdP.Domain", "OpenIddictExample.IdP.Domain\OpenIddictExample.IdP.Domain.csproj", "{F456A329-47E1-4D0F-9F2C-A4134E0C96AA}"
EndProject
Project("{FAE04EC0-301F-11D3-BF4B-00C04F79EFBC}") = "OpenIddictExample.IdP.Infrastructure", "OpenIddictExample.IdP.Infrastructure\OpenIddictExample.IdP.Infrastructure.csproj", "{472EF982-6A63-4866-B7D6-2E6854DE2FD6}"
EndProject
Project("{FAE04EC0-301F-11D3-BF4B-00C04F79EFBC}") = "OpenIddictExample.Crosscutting", "OpenIddictExample.Crosscutting\OpenIddictExample.Crosscutting.csproj", "{3351C212-6036-49EB-A729-38FA8DCB2757}"
EndProject
Project("{FAE04EC0-301F-11D3-BF4B-00C04F79EFBC}") = "OpenIddictExample.IdP.FrontEnd", "OpenIddictExample.IdP.FrontEnd\OpenIddictExample.IdP.FrontEnd.csproj", "{D02AE7F1-D1E5-4B30-A980-6CFA2DB25659}"
EndProject
Global
	GlobalSection(SolutionConfigurationPlatforms) = preSolution
		Debug|Any CPU = Debug|Any CPU
		Release|Any CPU = Release|Any CPU
	EndGlobalSection
	GlobalSection(ProjectConfigurationPlatforms) = postSolution
		{6F3699FF-79A1-436E-BD00-99994BC10EEE}.Debug|Any CPU.ActiveCfg = Debug|Any CPU
		{6F3699FF-79A1-436E-BD00-99994BC10EEE}.Debug|Any CPU.Build.0 = Debug|Any CPU
		{6F3699FF-79A1-436E-BD00-99994BC10EEE}.Release|Any CPU.ActiveCfg = Release|Any CPU
		{6F3699FF-79A1-436E-BD00-99994BC10EEE}.Release|Any CPU.Build.0 = Release|Any CPU
		{F456A329-47E1-4D0F-9F2C-A4134E0C96AA}.Debug|Any CPU.ActiveCfg = Debug|Any CPU
		{F456A329-47E1-4D0F-9F2C-A4134E0C96AA}.Debug|Any CPU.Build.0 = Debug|Any CPU
		{F456A329-47E1-4D0F-9F2C-A4134E0C96AA}.Release|Any CPU.ActiveCfg = Release|Any CPU
		{F456A329-47E1-4D0F-9F2C-A4134E0C96AA}.Release|Any CPU.Build.0 = Release|Any CPU
		{472EF982-6A63-4866-B7D6-2E6854DE2FD6}.Debug|Any CPU.ActiveCfg = Debug|Any CPU
		{472EF982-6A63-4866-B7D6-2E6854DE2FD6}.Debug|Any CPU.Build.0 = Debug|Any CPU
		{472EF982-6A63-4866-B7D6-2E6854DE2FD6}.Release|Any CPU.ActiveCfg = Release|Any CPU
		{472EF982-6A63-4866-B7D6-2E6854DE2FD6}.Release|Any CPU.Build.0 = Release|Any CPU
		{3351C212-6036-49EB-A729-38FA8DCB2757}.Debug|Any CPU.ActiveCfg = Debug|Any CPU
		{3351C212-6036-49EB-A729-38FA8DCB2757}.Debug|Any CPU.Build.0 = Debug|Any CPU
		{3351C212-6036-49EB-A729-38FA8DCB2757}.Release|Any CPU.ActiveCfg = Release|Any CPU
		{3351C212-6036-49EB-A729-38FA8DCB2757}.Release|Any CPU.Build.0 = Release|Any CPU
		{D02AE7F1-D1E5-4B30-A980-6CFA2DB25659}.Debug|Any CPU.ActiveCfg = Debug|Any CPU
		{D02AE7F1-D1E5-4B30-A980-6CFA2DB25659}.Debug|Any CPU.Build.0 = Debug|Any CPU
		{D02AE7F1-D1E5-4B30-A980-6CFA2DB25659}.Release|Any CPU.ActiveCfg = Release|Any CPU
		{D02AE7F1-D1E5-4B30-A980-6CFA2DB25659}.Release|Any CPU.Build.0 = Release|Any CPU
	EndGlobalSection
	GlobalSection(SolutionProperties) = preSolution
		HideSolutionNode = FALSE
	EndGlobalSection
	GlobalSection(ExtensibilityGlobals) = postSolution
		SolutionGuid = {A6AC10E2-BAE4-47A5-8FC9-415450E93C38}
	EndGlobalSection
EndGlobal
